
Microsoft Visual Studio Solution File, Format Version 12.00
# Visual Studio Version 17
VisualStudioVersion = 17.7.34024.191
MinimumVisualStudioVersion = 10.0.40219.1
Project("{FAE04EC0-301F-11D3-BF4B-00C04F79EFBC}") = "RDLC_ForeignKeys", "RDLC_ForeignKeys.csproj", "{097CA084-A1F9-48AE-AC63-B20A3654CE58}"
EndProject
Global
	GlobalSection(SolutionConfigurationPlatforms) = preSolution
		Debug|Any CPU = Debug|Any CPU
		Release|Any CPU = Release|Any CPU
	EndGlobalSection
	GlobalSection(ProjectConfigurationPlatforms) = postSolution
		{097CA084-A1F9-48AE-AC63-B20A3654CE58}.Debug|Any CPU.ActiveCfg = Debug|Any CPU
		{097CA084-A1F9-48AE-AC63-B20A3654CE58}.Debug|Any CPU.Build.0 = Debug|Any CPU
		{097CA084-A1F9-48AE-AC63-B20A3654CE58}.Release|Any CPU.ActiveCfg = Release|Any CPU
		{097CA084-A1F9-48AE-AC63-B20A3654CE58}.Release|Any CPU.Build.0 = Release|Any CPU
	EndGlobalSection
	GlobalSection(SolutionProperties) = preSolution
		HideSolutionNode = FALSE
	EndGlobalSection
	GlobalSection(ExtensibilityGlobals) = postSolution
		SolutionGuid = {66A83BE1-1897-4F59-B0BB-F9F32563F00F}
	EndGlobalSection
EndGlobal
